
Microsoft Visual Studio Solution File, Format Version 12.00
# Visual Studio Version 17
VisualStudioVersion = 17.2.32630.192
MinimumVisualStudioVersion = 10.0.40219.1
Project("{9A19103F-16F7-4668-BE54-9A1E7A4F7556}") = "Estudo.CursoUdemy.Secao06", "Estudo.CursoUdemy.Secao06\Estudo.CursoUdemy.Secao06.csproj", "{2578F6DC-AE09-40F3-9C69-C6BB261A3F5F}"
EndProject
Project("{9A19103F-16F7-4668-BE54-9A1E7A4F7556}") = "Estudo.CursoUdemy.Secao04", "Estudo.CursoUdemy.Secao04\Estudo.CursoUdemy.Secao04.csproj", "{013659DE-678B-4BF8-A8ED-E17E59E1BA5B}"
EndProject
Project("{9A19103F-16F7-4668-BE54-9A1E7A4F7556}") = "Estudo.CursoUdemy.Secao05", "Estudo.CursoUdemy.Secao05\Estudo.CursoUdemy.Secao05.csproj", "{5D42AAB0-B01A-4F3F-B7CF-147D37AEE73D}"
EndProject
Project("{9A19103F-16F7-4668-BE54-9A1E7A4F7556}") = "Estudo.CursoUdemy.RecapLogica", "Estudo.CursoUdemyRecapLogica\Estudo.CursoUdemy.RecapLogica.csproj", "{5163C611-4CF0-400C-89A2-6DE771B100FC}"
EndProject
Project("{9A19103F-16F7-4668-BE54-9A1E7A4F7556}") = "Estudo.Estudo.Beecrowd.Iniciante", "Estudo.Estudo.Beecrowd.Iniciante\Estudo.Estudo.Beecrowd.Iniciante.csproj", "{9A0B3639-11D7-4E8D-878D-A0A5E701F8BA}"
EndProject
Project("{9A19103F-16F7-4668-BE54-9A1E7A4F7556}") = "Estudo.CursoUdemy.Secao07", "Estudo.CursoUdemy.Secao07\Estudo.CursoUdemy.Secao07.csproj", "{D2E72FCD-7533-4DE0-A907-AC97558445A5}"
EndProject
Project("{9A19103F-16F7-4668-BE54-9A1E7A4F7556}") = "Estudo.CursoUdemy.Secao08", "Estudo.CursoUdemy.Secao08\Estudo.CursoUdemy.Secao08.csproj", "{7B08F664-9DD2-4D18-9DE8-3EFDAAE7CF43}"
EndProject
Project("{9A19103F-16F7-4668-BE54-9A1E7A4F7556}") = "Estudo.CursoUdemy.Secao09", "Estudo.CursoUdemy.Secao09\Estudo.CursoUdemy.Secao09.csproj", "{C2FAA5BE-1BF5-477F-BBE7-2972AE0A52EF}"
EndProject
Project("{FAE04EC0-301F-11D3-BF4B-00C04F79EFBC}") = "Estudo.CursoAlura.CriandoPrimeiraAplicacao", "Estudo.CursoAlura.CriandoPrimeiraAplicacao\Estudo.CursoAlura.CriandoPrimeiraAplicacao.csproj", "{1D4C2E2A-57D0-45C1-A5E5-21076B9A3A44}"
EndProject
Project("{FAE04EC0-301F-11D3-BF4B-00C04F79EFBC}") = "Estudo.CursoUdemy.Secao11", "Estudo.CursoUdemy.Secao11\Estudo.CursoUdemy.Secao11.csproj", "{013D148E-F380-4DE8-A6BA-49510F3C3F80}"
EndProject
Project("{FAE04EC0-301F-11D3-BF4B-00C04F79EFBC}") = "Estudo.CursoUdemy.Secao12", "Estudo.CursoUdemy.Secao12\Estudo.CursoUdemy.Secao12.csproj", "{55D9BCAA-3C8E-45D2-A729-D5E98F06D46B}"
EndProject
Global
	GlobalSection(SolutionConfigurationPlatforms) = preSolution
		Debug|Any CPU = Debug|Any CPU
		Release|Any CPU = Release|Any CPU
	EndGlobalSection
	GlobalSection(ProjectConfigurationPlatforms) = postSolution
		{2578F6DC-AE09-40F3-9C69-C6BB261A3F5F}.Debug|Any CPU.ActiveCfg = Debug|Any CPU
		{2578F6DC-AE09-40F3-9C69-C6BB261A3F5F}.Debug|Any CPU.Build.0 = Debug|Any CPU
		{2578F6DC-AE09-40F3-9C69-C6BB261A3F5F}.Release|Any CPU.ActiveCfg = Release|Any CPU
		{2578F6DC-AE09-40F3-9C69-C6BB261A3F5F}.Release|Any CPU.Build.0 = Release|Any CPU
		{013659DE-678B-4BF8-A8ED-E17E59E1BA5B}.Debug|Any CPU.ActiveCfg = Debug|Any CPU
		{013659DE-678B-4BF8-A8ED-E17E59E1BA5B}.Debug|Any CPU.Build.0 = Debug|Any CPU
		{013659DE-678B-4BF8-A8ED-E17E59E1BA5B}.Release|Any CPU.ActiveCfg = Release|Any CPU
		{013659DE-678B-4BF8-A8ED-E17E59E1BA5B}.Release|Any CPU.Build.0 = Release|Any CPU
		{5D42AAB0-B01A-4F3F-B7CF-147D37AEE73D}.Debug|Any CPU.ActiveCfg = Debug|Any CPU
		{5D42AAB0-B01A-4F3F-B7CF-147D37AEE73D}.Debug|Any CPU.Build.0 = Debug|Any CPU
		{5D42AAB0-B01A-4F3F-B7CF-147D37AEE73D}.Release|Any CPU.ActiveCfg = Release|Any CPU
		{5D42AAB0-B01A-4F3F-B7CF-147D37AEE73D}.Release|Any CPU.Build.0 = Release|Any CPU
		{5163C611-4CF0-400C-89A2-6DE771B100FC}.Debug|Any CPU.ActiveCfg = Debug|Any CPU
		{5163C611-4CF0-400C-89A2-6DE771B100FC}.Debug|Any CPU.Build.0 = Debug|Any CPU
		{5163C611-4CF0-400C-89A2-6DE771B100FC}.Release|Any CPU.ActiveCfg = Release|Any CPU
		{5163C611-4CF0-400C-89A2-6DE771B100FC}.Release|Any CPU.Build.0 = Release|Any CPU
		{9A0B3639-11D7-4E8D-878D-A0A5E701F8BA}.Debug|Any CPU.ActiveCfg = Debug|Any CPU
		{9A0B3639-11D7-4E8D-878D-A0A5E701F8BA}.Debug|Any CPU.Build.0 = Debug|Any CPU
		{9A0B3639-11D7-4E8D-878D-A0A5E701F8BA}.Release|Any CPU.ActiveCfg = Release|Any CPU
		{9A0B3639-11D7-4E8D-878D-A0A5E701F8BA}.Release|Any CPU.Build.0 = Release|Any CPU
		{D2E72FCD-7533-4DE0-A907-AC97558445A5}.Debug|Any CPU.ActiveCfg = Debug|Any CPU
		{D2E72FCD-7533-4DE0-A907-AC97558445A5}.Debug|Any CPU.Build.0 = Debug|Any CPU
		{D2E72FCD-7533-4DE0-A907-AC97558445A5}.Release|Any CPU.ActiveCfg = Release|Any CPU
		{D2E72FCD-7533-4DE0-A907-AC97558445A5}.Release|Any CPU.Build.0 = Release|Any CPU
		{7B08F664-9DD2-4D18-9DE8-3EFDAAE7CF43}.Debug|Any CPU.ActiveCfg = Debug|Any CPU
		{7B08F664-9DD2-4D18-9DE8-3EFDAAE7CF43}.Debug|Any CPU.Build.0 = Debug|Any CPU
		{7B08F664-9DD2-4D18-9DE8-3EFDAAE7CF43}.Release|Any CPU.ActiveCfg = Release|Any CPU
		{7B08F664-9DD2-4D18-9DE8-3EFDAAE7CF43}.Release|Any CPU.Build.0 = Release|Any CPU
		{C2FAA5BE-1BF5-477F-BBE7-2972AE0A52EF}.Debug|Any CPU.ActiveCfg = Debug|Any CPU
		{C2FAA5BE-1BF5-477F-BBE7-2972AE0A52EF}.Debug|Any CPU.Build.0 = Debug|Any CPU
		{C2FAA5BE-1BF5-477F-BBE7-2972AE0A52EF}.Release|Any CPU.ActiveCfg = Release|Any CPU
		{C2FAA5BE-1BF5-477F-BBE7-2972AE0A52EF}.Release|Any CPU.Build.0 = Release|Any CPU
		{1D4C2E2A-57D0-45C1-A5E5-21076B9A3A44}.Debug|Any CPU.ActiveCfg = Debug|Any CPU
		{1D4C2E2A-57D0-45C1-A5E5-21076B9A3A44}.Debug|Any CPU.Build.0 = Debug|Any CPU
		{1D4C2E2A-57D0-45C1-A5E5-21076B9A3A44}.Release|Any CPU.ActiveCfg = Release|Any CPU
		{1D4C2E2A-57D0-45C1-A5E5-21076B9A3A44}.Release|Any CPU.Build.0 = Release|Any CPU
		{013D148E-F380-4DE8-A6BA-49510F3C3F80}.Debug|Any CPU.ActiveCfg = Debug|Any CPU
		{013D148E-F380-4DE8-A6BA-49510F3C3F80}.Debug|Any CPU.Build.0 = Debug|Any CPU
		{013D148E-F380-4DE8-A6BA-49510F3C3F80}.Release|Any CPU.ActiveCfg = Release|Any CPU
		{013D148E-F380-4DE8-A6BA-49510F3C3F80}.Release|Any CPU.Build.0 = Release|Any CPU
		{55D9BCAA-3C8E-45D2-A729-D5E98F06D46B}.Debug|Any CPU.ActiveCfg = Debug|Any CPU
		{55D9BCAA-3C8E-45D2-A729-D5E98F06D46B}.Debug|Any CPU.Build.0 = Debug|Any CPU
		{55D9BCAA-3C8E-45D2-A729-D5E98F06D46B}.Release|Any CPU.ActiveCfg = Release|Any CPU
		{55D9BCAA-3C8E-45D2-A729-D5E98F06D46B}.Release|Any CPU.Build.0 = Release|Any CPU
	EndGlobalSection
	GlobalSection(SolutionProperties) = preSolution
		HideSolutionNode = FALSE
	EndGlobalSection
	GlobalSection(ExtensibilityGlobals) = postSolution
		SolutionGuid = {2CFC920E-9F2B-407C-868B-D5938271E768}
	EndGlobalSection
EndGlobal
